
Microsoft Visual Studio Solution File, Format Version 12.00
# Visual Studio Version 16
VisualStudioVersion = 16.0.33801.447
MinimumVisualStudioVersion = 10.0.40219.1
Project("{FAE04EC0-301F-11D3-BF4B-00C04F79EFBC}") = "QuickSort", "QuickSort.csproj", "{050528AC-6215-4092-B185-FE611F22AD4A}"
EndProject
Global
	GlobalSection(SolutionConfigurationPlatforms) = preSolution
		Debug|Any CPU = Debug|Any CPU
		Release|Any CPU = Release|Any CPU
	EndGlobalSection
	GlobalSection(ProjectConfigurationPlatforms) = postSolution
		{050528AC-6215-4092-B185-FE611F22AD4A}.Debug|Any CPU.ActiveCfg = Debug|Any CPU
		{050528AC-6215-4092-B185-FE611F22AD4A}.Debug|Any CPU.Build.0 = Debug|Any CPU
		{050528AC-6215-4092-B185-FE611F22AD4A}.Release|Any CPU.ActiveCfg = Release|Any CPU
		{050528AC-6215-4092-B185-FE611F22AD4A}.Release|Any CPU.Build.0 = Release|Any CPU
	EndGlobalSection
	GlobalSection(SolutionProperties) = preSolution
		HideSolutionNode = FALSE
	EndGlobalSection
	GlobalSection(ExtensibilityGlobals) = postSolution
		SolutionGuid = {6790873D-4DF8-48DE-AE70-7C7926736E9F}
	EndGlobalSection
EndGlobal
